// !$*UTF8*$!
{
	archiveVersion = 1;
	classes = {
	};
	objectVersion = 46;
	objects = {

/* Begin PBXBuildFile section */
		828D8A361C1BD0DD00FADA25 /* Main_menuController.swift in Sources */ = {isa = PBXBuildFile; fileRef = 828D8A351C1BD0DD00FADA25 /* Main_menuController.swift */; };
		82F698901C1796F000A97238 /* AppDelegate.swift in Sources */ = {isa = PBXBuildFile; fileRef = 82F6988F1C1796F000A97238 /* AppDelegate.swift */; };
		82F698921C1796F000A97238 /* LoginController.swift in Sources */ = {isa = PBXBuildFile; fileRef = 82F698911C1796F000A97238 /* LoginController.swift */; };
		82F698951C1796F000A97238 /* Main.storyboard in Resources */ = {isa = PBXBuildFile; fileRef = 82F698931C1796F000A97238 /* Main.storyboard */; };
		82F698971C1796F000A97238 /* Assets.xcassets in Resources */ = {isa = PBXBuildFile; fileRef = 82F698961C1796F000A97238 /* Assets.xcassets */; };
		82F6989A1C1796F000A97238 /* LaunchScreen.storyboard in Resources */ = {isa = PBXBuildFile; fileRef = 82F698981C1796F000A97238 /* LaunchScreen.storyboard */; };
		82F698A51C1796F000A97238 /* French_BridgeTests.swift in Sources */ = {isa = PBXBuildFile; fileRef = 82F698A41C1796F000A97238 /* French_BridgeTests.swift */; };
		82F698B01C1796F000A97238 /* French_BridgeUITests.swift in Sources */ = {isa = PBXBuildFile; fileRef = 82F698AF1C1796F000A97238 /* French_BridgeUITests.swift */; };
		82F698C31C1799EA00A97238 /* Bolts.framework in Frameworks */ = {isa = PBXBuildFile; fileRef = 82F698BD1C1799EA00A97238 /* Bolts.framework */; };
		82F698C41C1799EA00A97238 /* ParseFacebookUtils.framework in Frameworks */ = {isa = PBXBuildFile; fileRef = 82F698BE1C1799EA00A97238 /* ParseFacebookUtils.framework */; };
		82F698C51C1799EA00A97238 /* ParseFacebookUtilsV4.framework in Frameworks */ = {isa = PBXBuildFile; fileRef = 82F698BF1C1799EA00A97238 /* ParseFacebookUtilsV4.framework */; };
		82F698C61C1799EA00A97238 /* ParseTwitterUtils.framework in Frameworks */ = {isa = PBXBuildFile; fileRef = 82F698C01C1799EA00A97238 /* ParseTwitterUtils.framework */; };
		82F698C71C1799EA00A97238 /* ParseUI.framework in Frameworks */ = {isa = PBXBuildFile; fileRef = 82F698C11C1799EA00A97238 /* ParseUI.framework */; };
		82F698C81C1799EA00A97238 /* Parse.framework in Frameworks */ = {isa = PBXBuildFile; fileRef = 82F698C21C1799EA00A97238 /* Parse.framework */; };
		82F698CA1C179A8800A97238 /* AudioToolbox.framework in Frameworks */ = {isa = PBXBuildFile; fileRef = 82F698C91C179A8800A97238 /* AudioToolbox.framework */; };
		82F698CC1C179A9800A97238 /* CFNetwork.framework in Frameworks */ = {isa = PBXBuildFile; fileRef = 82F698CB1C179A9800A97238 /* CFNetwork.framework */; };
		82F698CE1C179AA600A97238 /* CoreGraphics.framework in Frameworks */ = {isa = PBXBuildFile; fileRef = 82F698CD1C179AA600A97238 /* CoreGraphics.framework */; };
		82F698D01C179AB100A97238 /* CoreLocation.framework in Frameworks */ = {isa = PBXBuildFile; fileRef = 82F698CF1C179AB100A97238 /* CoreLocation.framework */; };
		82F698D21C179AC200A97238 /* QuartzCore.framework in Frameworks */ = {isa = PBXBuildFile; fileRef = 82F698D11C179AC200A97238 /* QuartzCore.framework */; };
		82F698D41C179ACE00A97238 /* Security.framework in Frameworks */ = {isa = PBXBuildFile; fileRef = 82F698D31C179ACE00A97238 /* Security.framework */; };
		82F698D61C179AD900A97238 /* StoreKit.framework in Frameworks */ = {isa = PBXBuildFile; fileRef = 82F698D51C179AD900A97238 /* StoreKit.framework */; };
		82F698D81C179AEC00A97238 /* SystemConfiguration.framework in Frameworks */ = {isa = PBXBuildFile; fileRef = 82F698D71C179AEC00A97238 /* SystemConfiguration.framework */; };
		82F698DA1C179AFE00A97238 /* libz.tbd in Frameworks */ = {isa = PBXBuildFile; fileRef = 82F698D91C179AFE00A97238 /* libz.tbd */; };
		82F698DC1C179B0D00A97238 /* libsqlite3.tbd in Frameworks */ = {isa = PBXBuildFile; fileRef = 82F698DB1C179B0D00A97238 /* libsqlite3.tbd */; };
		82F699151C1A8B8700A97238 /* Sign_upController.swift in Sources */ = {isa = PBXBuildFile; fileRef = 82F699141C1A8B8700A97238 /* Sign_upController.swift */; };
		82F699171C1A930200A97238 /* UIViewControllerExtension.swift in Sources */ = {isa = PBXBuildFile; fileRef = 82F699161C1A930200A97238 /* UIViewControllerExtension.swift */; };
/* End PBXBuildFile section */

/* Begin PBXContainerItemProxy section */
		82F698A11C1796F000A97238 /* PBXContainerItemProxy */ = {
			isa = PBXContainerItemProxy;
			containerPortal = 82F698841C1796F000A97238 /* Project object */;
			proxyType = 1;
			remoteGlobalIDString = 82F6988B1C1796F000A97238;
			remoteInfo = French_Bridge;
		};
		82F698AC1C1796F000A97238 /* PBXContainerItemProxy */ = {
			isa = PBXContainerItemProxy;
			containerPortal = 82F698841C1796F000A97238 /* Project object */;
			proxyType = 1;
			remoteGlobalIDString = 82F6988B1C1796F000A97238;
			remoteInfo = French_Bridge;
		};
/* End PBXContainerItemProxy section */

/* Begin PBXFileReference section */
		828D8A351C1BD0DD00FADA25 /* Main_menuController.swift */ = {isa = PBXFileReference; fileEncoding = 4; lastKnownFileType = sourcecode.swift; path = Main_menuController.swift; sourceTree = "<group>"; };
		82F6988C1C1796F000A97238 /* French_Bridge.app */ = {isa = PBXFileReference; explicitFileType = wrapper.application; includeInIndex = 0; path = French_Bridge.app; sourceTree = BUILT_PRODUCTS_DIR; };
		82F6988F1C1796F000A97238 /* AppDelegate.swift */ = {isa = PBXFileReference; lastKnownFileType = sourcecode.swift; path = AppDelegate.swift; sourceTree = "<group>"; };
		82F698911C1796F000A97238 /* LoginController.swift */ = {isa = PBXFileReference; lastKnownFileType = sourcecode.swift; path = LoginController.swift; sourceTree = "<group>"; };
		82F698941C1796F000A97238 /* Base */ = {isa = PBXFileReference; lastKnownFileType = file.storyboard; name = Base; path = Base.lproj/Main.storyboard; sourceTree = "<group>"; };
		82F698961C1796F000A97238 /* Assets.xcassets */ = {isa = PBXFileReference; lastKnownFileType = folder.assetcatalog; path = Assets.xcassets; sourceTree = "<group>"; };
		82F698991C1796F000A97238 /* Base */ = {isa = PBXFileReference; lastKnownFileType = file.storyboard; name = Base; path = Base.lproj/LaunchScreen.storyboard; sourceTree = "<group>"; };
		82F6989B1C1796F000A97238 /* Info.plist */ = {isa = PBXFileReference; lastKnownFileType = text.plist.xml; path = Info.plist; sourceTree = "<group>"; };
		82F698A01C1796F000A97238 /* French_BridgeTests.xctest */ = {isa = PBXFileReference; explicitFileType = wrapper.cfbundle; includeInIndex = 0; path = French_BridgeTests.xctest; sourceTree = BUILT_PRODUCTS_DIR; };
		82F698A41C1796F000A97238 /* French_BridgeTests.swift */ = {isa = PBXFileReference; lastKnownFileType = sourcecode.swift; path = French_BridgeTests.swift; sourceTree = "<group>"; };
		82F698A61C1796F000A97238 /* Info.plist */ = {isa = PBXFileReference; lastKnownFileType = text.plist.xml; path = Info.plist; sourceTree = "<group>"; };
		82F698AB1C1796F000A97238 /* French_BridgeUITests.xctest */ = {isa = PBXFileReference; explicitFileType = wrapper.cfbundle; includeInIndex = 0; path = French_BridgeUITests.xctest; sourceTree = BUILT_PRODUCTS_DIR; };
		82F698AF1C1796F000A97238 /* French_BridgeUITests.swift */ = {isa = PBXFileReference; lastKnownFileType = sourcecode.swift; path = French_BridgeUITests.swift; sourceTree = "<group>"; };
		82F698B11C1796F000A97238 /* Info.plist */ = {isa = PBXFileReference; lastKnownFileType = text.plist.xml; path = Info.plist; sourceTree = "<group>"; };
		82F698BD1C1799EA00A97238 /* Bolts.framework */ = {isa = PBXFileReference; lastKnownFileType = wrapper.framework; path = Bolts.framework; sourceTree = "<group>"; };
		82F698BE1C1799EA00A97238 /* ParseFacebookUtils.framework */ = {isa = PBXFileReference; lastKnownFileType = wrapper.framework; path = ParseFacebookUtils.framework; sourceTree = "<group>"; };
		82F698BF1C1799EA00A97238 /* ParseFacebookUtilsV4.framework */ = {isa = PBXFileReference; lastKnownFileType = wrapper.framework; path = ParseFacebookUtilsV4.framework; sourceTree = "<group>"; };
		82F698C01C1799EA00A97238 /* ParseTwitterUtils.framework */ = {isa = PBXFileReference; lastKnownFileType = wrapper.framework; path = ParseTwitterUtils.framework; sourceTree = "<group>"; };
		82F698C11C1799EA00A97238 /* ParseUI.framework */ = {isa = PBXFileReference; lastKnownFileType = wrapper.framework; path = ParseUI.framework; sourceTree = "<group>"; };
		82F698C21C1799EA00A97238 /* Parse.framework */ = {isa = PBXFileReference; lastKnownFileType = wrapper.framework; path = Parse.framework; sourceTree = "<group>"; };
		82F698C91C179A8800A97238 /* AudioToolbox.framework */ = {isa = PBXFileReference; lastKnownFileType = wrapper.framework; name = AudioToolbox.framework; path = System/Library/Frameworks/AudioToolbox.framework; sourceTree = SDKROOT; };
		82F698CB1C179A9800A97238 /* CFNetwork.framework */ = {isa = PBXFileReference; lastKnownFileType = wrapper.framework; name = CFNetwork.framework; path = System/Library/Frameworks/CFNetwork.framework; sourceTree = SDKROOT; };
		82F698CD1C179AA600A97238 /* CoreGraphics.framework */ = {isa = PBXFileReference; lastKnownFileType = wrapper.framework; name = CoreGraphics.framework; path = System/Library/Frameworks/CoreGraphics.framework; sourceTree = SDKROOT; };
		82F698CF1C179AB100A97238 /* CoreLocation.framework */ = {isa = PBXFileReference; lastKnownFileType = wrapper.framework; name = CoreLocation.framework; path = System/Library/Frameworks/CoreLocation.framework; sourceTree = SDKROOT; };
		82F698D11C179AC200A97238 /* QuartzCore.framework */ = {isa = PBXFileReference; lastKnownFileType = wrapper.framework; name = QuartzCore.framework; path = System/Library/Frameworks/QuartzCore.framework; sourceTree = SDKROOT; };
		82F698D31C179ACE00A97238 /* Security.framework */ = {isa = PBXFileReference; lastKnownFileType = wrapper.framework; name = Security.framework; path = System/Library/Frameworks/Security.framework; sourceTree = SDKROOT; };
		82F698D51C179AD900A97238 /* StoreKit.framework */ = {isa = PBXFileReference; lastKnownFileType = wrapper.framework; name = StoreKit.framework; path = System/Library/Frameworks/StoreKit.framework; sourceTree = SDKROOT; };
		82F698D71C179AEC00A97238 /* SystemConfiguration.framework */ = {isa = PBXFileReference; lastKnownFileType = wrapper.framework; name = SystemConfiguration.framework; path = System/Library/Frameworks/SystemConfiguration.framework; sourceTree = SDKROOT; };
		82F698D91C179AFE00A97238 /* libz.tbd */ = {isa = PBXFileReference; lastKnownFileType = "sourcecode.text-based-dylib-definition"; name = libz.tbd; path = usr/lib/libz.tbd; sourceTree = SDKROOT; };
		82F698DB1C179B0D00A97238 /* libsqlite3.tbd */ = {isa = PBXFileReference; lastKnownFileType = "sourcecode.text-based-dylib-definition"; name = libsqlite3.tbd; path = usr/lib/libsqlite3.tbd; sourceTree = SDKROOT; };
		82F699141C1A8B8700A97238 /* Sign_upController.swift */ = {isa = PBXFileReference; fileEncoding = 4; lastKnownFileType = sourcecode.swift; path = Sign_upController.swift; sourceTree = "<group>"; };
		82F699161C1A930200A97238 /* UIViewControllerExtension.swift */ = {isa = PBXFileReference; fileEncoding = 4; lastKnownFileType = sourcecode.swift; path = UIViewControllerExtension.swift; sourceTree = "<group>"; };
/* End PBXFileReference section */

/* Begin PBXFrameworksBuildPhase section */
		82F698891C1796F000A97238 /* Frameworks */ = {
			isa = PBXFrameworksBuildPhase;
			buildActionMask = 2147483647;
			files = (
				82F698DC1C179B0D00A97238 /* libsqlite3.tbd in Frameworks */,
				82F698DA1C179AFE00A97238 /* libz.tbd in Frameworks */,
				82F698D81C179AEC00A97238 /* SystemConfiguration.framework in Frameworks */,
				82F698D61C179AD900A97238 /* StoreKit.framework in Frameworks */,
				82F698D41C179ACE00A97238 /* Security.framework in Frameworks */,
				82F698D21C179AC200A97238 /* QuartzCore.framework in Frameworks */,
				82F698D01C179AB100A97238 /* CoreLocation.framework in Frameworks */,
				82F698CE1C179AA600A97238 /* CoreGraphics.framework in Frameworks */,
				82F698CC1C179A9800A97238 /* CFNetwork.framework in Frameworks */,
				82F698CA1C179A8800A97238 /* AudioToolbox.framework in Frameworks */,
				82F698C41C1799EA00A97238 /* ParseFacebookUtils.framework in Frameworks */,
				82F698C31C1799EA00A97238 /* Bolts.framework in Frameworks */,
				82F698C71C1799EA00A97238 /* ParseUI.framework in Frameworks */,
				82F698C61C1799EA00A97238 /* ParseTwitterUtils.framework in Frameworks */,
				82F698C81C1799EA00A97238 /* Parse.framework in Frameworks */,
				82F698C51C1799EA00A97238 /* ParseFacebookUtilsV4.framework in Frameworks */,
			);
			runOnlyForDeploymentPostprocessing = 0;
		};
		82F6989D1C1796F000A97238 /* Frameworks */ = {
			isa = PBXFrameworksBuildPhase;
			buildActionMask = 2147483647;
			files = (
			);
			runOnlyForDeploymentPostprocessing = 0;
		};
		82F698A81C1796F000A97238 /* Frameworks */ = {
			isa = PBXFrameworksBuildPhase;
			buildActionMask = 2147483647;
			files = (
			);
			runOnlyForDeploymentPostprocessing = 0;
		};
/* End PBXFrameworksBuildPhase section */

/* Begin PBXGroup section */
		82F698831C1796F000A97238 = {
			isa = PBXGroup;
			children = (
				82F699131C1A8A5E00A97238 /* Frameworks */,
				82F6988E1C1796F000A97238 /* French_Bridge */,
				82F698A31C1796F000A97238 /* French_BridgeTests */,
				82F698AE1C1796F000A97238 /* French_BridgeUITests */,
				82F6988D1C1796F000A97238 /* Products */,
			);
			sourceTree = "<group>";
		};
		82F6988D1C1796F000A97238 /* Products */ = {
			isa = PBXGroup;
			children = (
				82F6988C1C1796F000A97238 /* French_Bridge.app */,
				82F698A01C1796F000A97238 /* French_BridgeTests.xctest */,
				82F698AB1C1796F000A97238 /* French_BridgeUITests.xctest */,
			);
			name = Products;
			sourceTree = "<group>";
		};
		82F6988E1C1796F000A97238 /* French_Bridge */ = {
			isa = PBXGroup;
			children = (
				82F699161C1A930200A97238 /* UIViewControllerExtension.swift */,
				82F6988F1C1796F000A97238 /* AppDelegate.swift */,
				828D8A351C1BD0DD00FADA25 /* Main_menuController.swift */,
				82F698931C1796F000A97238 /* Main.storyboard */,
				82F698911C1796F000A97238 /* LoginController.swift */,
				82F699141C1A8B8700A97238 /* Sign_upController.swift */,
				82F698961C1796F000A97238 /* Assets.xcassets */,
				82F698981C1796F000A97238 /* LaunchScreen.storyboard */,
				82F6989B1C1796F000A97238 /* Info.plist */,
			);
			path = French_Bridge;
			sourceTree = "<group>";
		};
		82F698A31C1796F000A97238 /* French_BridgeTests */ = {
			isa = PBXGroup;
			children = (
				82F698A41C1796F000A97238 /* French_BridgeTests.swift */,
				82F698A61C1796F000A97238 /* Info.plist */,
			);
			path = French_BridgeTests;
			sourceTree = "<group>";
		};
		82F698AE1C1796F000A97238 /* French_BridgeUITests */ = {
			isa = PBXGroup;
			children = (
				82F698AF1C1796F000A97238 /* French_BridgeUITests.swift */,
				82F698B11C1796F000A97238 /* Info.plist */,
			);
			path = French_BridgeUITests;
			sourceTree = "<group>";
		};
		82F699131C1A8A5E00A97238 /* Frameworks */ = {
			isa = PBXGroup;
			children = (
				82F698DB1C179B0D00A97238 /* libsqlite3.tbd */,
				82F698D91C179AFE00A97238 /* libz.tbd */,
				82F698D71C179AEC00A97238 /* SystemConfiguration.framework */,
				82F698D51C179AD900A97238 /* StoreKit.framework */,
				82F698D31C179ACE00A97238 /* Security.framework */,
				82F698D11C179AC200A97238 /* QuartzCore.framework */,
				82F698CF1C179AB100A97238 /* CoreLocation.framework */,
				82F698CD1C179AA600A97238 /* CoreGraphics.framework */,
				82F698CB1C179A9800A97238 /* CFNetwork.framework */,
				82F698C91C179A8800A97238 /* AudioToolbox.framework */,
				82F698BD1C1799EA00A97238 /* Bolts.framework */,
				82F698BE1C1799EA00A97238 /* ParseFacebookUtils.framework */,
				82F698BF1C1799EA00A97238 /* ParseFacebookUtilsV4.framework */,
				82F698C01C1799EA00A97238 /* ParseTwitterUtils.framework */,
				82F698C11C1799EA00A97238 /* ParseUI.framework */,
				82F698C21C1799EA00A97238 /* Parse.framework */,
			);
			name = Frameworks;
			sourceTree = "<group>";
		};
/* End PBXGroup section */

/* Begin PBXNativeTarget section */
		82F6988B1C1796F000A97238 /* French_Bridge */ = {
			isa = PBXNativeTarget;
			buildConfigurationList = 82F698B41C1796F000A97238 /* Build configuration list for PBXNativeTarget "French_Bridge" */;
			buildPhases = (
				82F698881C1796F000A97238 /* Sources */,
				82F698891C1796F000A97238 /* Frameworks */,
				82F6988A1C1796F000A97238 /* Resources */,
			);
			buildRules = (
			);
			dependencies = (
			);
			name = French_Bridge;
			productName = French_Bridge;
			productReference = 82F6988C1C1796F000A97238 /* French_Bridge.app */;
			productType = "com.apple.product-type.application";
		};
		82F6989F1C1796F000A97238 /* French_BridgeTests */ = {
			isa = PBXNativeTarget;
			buildConfigurationList = 82F698B71C1796F000A97238 /* Build configuration list for PBXNativeTarget "French_BridgeTests" */;
			buildPhases = (
				82F6989C1C1796F000A97238 /* Sources */,
				82F6989D1C1796F000A97238 /* Frameworks */,
				82F6989E1C1796F000A97238 /* Resources */,
			);
			buildRules = (
			);
			dependencies = (
				82F698A21C1796F000A97238 /* PBXTargetDependency */,
			);
			name = French_BridgeTests;
			productName = French_BridgeTests;
			productReference = 82F698A01C1796F000A97238 /* French_BridgeTests.xctest */;
			productType = "com.apple.product-type.bundle.unit-test";
		};
		82F698AA1C1796F000A97238 /* French_BridgeUITests */ = {
			isa = PBXNativeTarget;
			buildConfigurationList = 82F698BA1C1796F000A97238 /* Build configuration list for PBXNativeTarget "French_BridgeUITests" */;
			buildPhases = (
				82F698A71C1796F000A97238 /* Sources */,
				82F698A81C1796F000A97238 /* Frameworks */,
				82F698A91C1796F000A97238 /* Resources */,
			);
			buildRules = (
			);
			dependencies = (
				82F698AD1C1796F000A97238 /* PBXTargetDependency */,
			);
			name = French_BridgeUITests;
			productName = French_BridgeUITests;
			productReference = 82F698AB1C1796F000A97238 /* French_BridgeUITests.xctest */;
			productType = "com.apple.product-type.bundle.ui-testing";
		};
/* End PBXNativeTarget section */

/* Begin PBXProject section */
		82F698841C1796F000A97238 /* Project object */ = {
			isa = PBXProject;
			attributes = {
				LastSwiftUpdateCheck = 0710;
				LastUpgradeCheck = 0710;
				ORGANIZATIONNAME = Baca_Family;
				TargetAttributes = {
					82F6988B1C1796F000A97238 = {
						CreatedOnToolsVersion = 7.1.1;
						DevelopmentTeam = 6N77HDRH76;
					};
					82F6989F1C1796F000A97238 = {
						CreatedOnToolsVersion = 7.1.1;
						TestTargetID = 82F6988B1C1796F000A97238;
					};
					82F698AA1C1796F000A97238 = {
						CreatedOnToolsVersion = 7.1.1;
						TestTargetID = 82F6988B1C1796F000A97238;
					};
				};
			};
			buildConfigurationList = 82F698871C1796F000A97238 /* Build configuration list for PBXProject "French_Bridge" */;
			compatibilityVersion = "Xcode 3.2";
			developmentRegion = English;
			hasScannedForEncodings = 0;
			knownRegions = (
				en,
				Base,
			);
			mainGroup = 82F698831C1796F000A97238;
			productRefGroup = 82F6988D1C1796F000A97238 /* Products */;
			projectDirPath = "";
			projectRoot = "";
			targets = (
				82F6988B1C1796F000A97238 /* French_Bridge */,
				82F6989F1C1796F000A97238 /* French_BridgeTests */,
				82F698AA1C1796F000A97238 /* French_BridgeUITests */,
			);
		};
/* End PBXProject section */

/* Begin PBXResourcesBuildPhase section */
		82F6988A1C1796F000A97238 /* Resources */ = {
			isa = PBXResourcesBuildPhase;
			buildActionMask = 2147483647;
			files = (
				82F6989A1C1796F000A97238 /* LaunchScreen.storyboard in Resources */,
				82F698971C1796F000A97238 /* Assets.xcassets in Resources */,
				82F698951C1796F000A97238 /* Main.storyboard in Resources */,
			);
			runOnlyForDeploymentPostprocessing = 0;
		};
		82F6989E1C1796F000A97238 /* Resources */ = {
			isa = PBXResourcesBuildPhase;
			buildActionMask = 2147483647;
			files = (
			);
			runOnlyForDeploymentPostprocessing = 0;
		};
		82F698A91C1796F000A97238 /* Resources */ = {
			isa = PBXResourcesBuildPhase;
			buildActionMask = 2147483647;
			files = (
			);
			runOnlyForDeploymentPostprocessing = 0;
		};
/* End PBXResourcesBuildPhase section */

/* Begin PBXSourcesBuildPhase section */
		82F698881C1796F000A97238 /* Sources */ = {
			isa = PBXSourcesBuildPhase;
			buildActionMask = 2147483647;
			files = (
				82F699171C1A930200A97238 /* UIViewControllerExtension.swift in Sources */,
				82F699151C1A8B8700A97238 /* Sign_upController.swift in Sources */,
				82F698921C1796F000A97238 /* LoginController.swift in Sources */,
				828D8A361C1BD0DD00FADA25 /* Main_menuController.swift in Sources */,
				82F698901C1796F000A97238 /* AppDelegate.swift in Sources */,
			);
			runOnlyForDeploymentPostprocessing = 0;
		};
		82F6989C1C1796F000A97238 /* Sources */ = {
			isa = PBXSourcesBuildPhase;
			buildActionMask = 2147483647;
			files = (
				82F698A51C1796F000A97238 /* French_BridgeTests.swift in Sources */,
			);
			runOnlyForDeploymentPostprocessing = 0;
		};
		82F698A71C1796F000A97238 /* Sources */ = {
			isa = PBXSourcesBuildPhase;
			buildActionMask = 2147483647;
			files = (
				82F698B01C1796F000A97238 /* French_BridgeUITests.swift in Sources */,
			);
			runOnlyForDeploymentPostprocessing = 0;
		};
/* End PBXSourcesBuildPhase section */

/* Begin PBXTargetDependency section */
		82F698A21C1796F000A97238 /* PBXTargetDependency */ = {
			isa = PBXTargetDependency;
			target = 82F6988B1C1796F000A97238 /* French_Bridge */;
			targetProxy = 82F698A11C1796F000A97238 /* PBXContainerItemProxy */;
		};
		82F698AD1C1796F000A97238 /* PBXTargetDependency */ = {
			isa = PBXTargetDependency;
			target = 82F6988B1C1796F000A97238 /* French_Bridge */;
			targetProxy = 82F698AC1C1796F000A97238 /* PBXContainerItemProxy */;
		};
/* End PBXTargetDependency section */

/* Begin PBXVariantGroup section */
		82F698931C1796F000A97238 /* Main.storyboard */ = {
			isa = PBXVariantGroup;
			children = (
				82F698941C1796F000A97238 /* Base */,
			);
			name = Main.storyboard;
			sourceTree = "<group>";
		};
		82F698981C1796F000A97238 /* LaunchScreen.storyboard */ = {
			isa = PBXVariantGroup;
			children = (
				82F698991C1796F000A97238 /* Base */,
			);
			name = LaunchScreen.storyboard;
			sourceTree = "<group>";
		};
/* End PBXVariantGroup section */

/* Begin XCBuildConfiguration section */
		82F698B21C1796F000A97238 /* Debug */ = {
			isa = XCBuildConfiguration;
			buildSettings = {
				ALWAYS_SEARCH_USER_PATHS = NO;
				CLANG_CXX_LANGUAGE_STANDARD = "gnu++0x";
				CLANG_CXX_LIBRARY = "libc++";
				CLANG_ENABLE_MODULES = YES;
				CLANG_ENABLE_OBJC_ARC = YES;
				CLANG_WARN_BOOL_CONVERSION = YES;
				CLANG_WARN_CONSTANT_CONVERSION = YES;
				CLANG_WARN_DIRECT_OBJC_ISA_USAGE = YES_ERROR;
				CLANG_WARN_EMPTY_BODY = YES;
				CLANG_WARN_ENUM_CONVERSION = YES;
				CLANG_WARN_INT_CONVERSION = YES;
				CLANG_WARN_OBJC_ROOT_CLASS = YES_ERROR;
				CLANG_WARN_UNREACHABLE_CODE = YES;
				CLANG_WARN__DUPLICATE_METHOD_MATCH = YES;
				"CODE_SIGN_IDENTITY[sdk=iphoneos*]" = "iPhone Developer";
				COPY_PHASE_STRIP = NO;
				DEBUG_INFORMATION_FORMAT = dwarf;
				ENABLE_STRICT_OBJC_MSGSEND = YES;
				ENABLE_TESTABILITY = YES;
				GCC_C_LANGUAGE_STANDARD = gnu99;
				GCC_DYNAMIC_NO_PIC = NO;
				GCC_NO_COMMON_BLOCKS = YES;
				GCC_OPTIMIZATION_LEVEL = 0;
				GCC_PREPROCESSOR_DEFINITIONS = (
					"DEBUG=1",
					"$(inherited)",
				);
				GCC_WARN_64_TO_32_BIT_CONVERSION = YES;
				GCC_WARN_ABOUT_RETURN_TYPE = YES_ERROR;
				GCC_WARN_UNDECLARED_SELECTOR = YES;
				GCC_WARN_UNINITIALIZED_AUTOS = YES_AGGRESSIVE;
				GCC_WARN_UNUSED_FUNCTION = YES;
				GCC_WARN_UNUSED_VARIABLE = YES;
				IPHONEOS_DEPLOYMENT_TARGET = 9.1;
				MTL_ENABLE_DEBUG_INFO = YES;
				ONLY_ACTIVE_ARCH = YES;
				SDKROOT = iphoneos;
				SWIFT_OPTIMIZATION_LEVEL = "-Onone";
			};
			name = Debug;
		};
		82F698B31C1796F000A97238 /* Release */ = {
			isa = XCBuildConfiguration;
			buildSettings = {
				ALWAYS_SEARCH_USER_PATHS = NO;
				CLANG_CXX_LANGUAGE_STANDARD = "gnu++0x";
				CLANG_CXX_LIBRARY = "libc++";
				CLANG_ENABLE_MODULES = YES;
				CLANG_ENABLE_OBJC_ARC = YES;
				CLANG_WARN_BOOL_CONVERSION = YES;
				CLANG_WARN_CONSTANT_CONVERSION = YES;
				CLANG_WARN_DIRECT_OBJC_ISA_USAGE = YES_ERROR;
				CLANG_WARN_EMPTY_BODY = YES;
				CLANG_WARN_ENUM_CONVERSION = YES;
				CLANG_WARN_INT_CONVERSION = YES;
				CLANG_WARN_OBJC_ROOT_CLASS = YES_ERROR;
				CLANG_WARN_UNREACHABLE_CODE = YES;
				CLANG_WARN__DUPLICATE_METHOD_MATCH = YES;
				"CODE_SIGN_IDENTITY[sdk=iphoneos*]" = "iPhone Developer";
				COPY_PHASE_STRIP = NO;
				DEBUG_INFORMATION_FORMAT = "dwarf-with-dsym";
				ENABLE_NS_ASSERTIONS = NO;
				ENABLE_STRICT_OBJC_MSGSEND = YES;
				GCC_C_LANGUAGE_STANDARD = gnu99;
				GCC_NO_COMMON_BLOCKS = YES;
				GCC_WARN_64_TO_32_BIT_CONVERSION = YES;
				GCC_WARN_ABOUT_RETURN_TYPE = YES_ERROR;
				GCC_WARN_UNDECLARED_SELECTOR = YES;
				GCC_WARN_UNINITIALIZED_AUTOS = YES_AGGRESSIVE;
				GCC_WARN_UNUSED_FUNCTION = YES;
				GCC_WARN_UNUSED_VARIABLE = YES;
				IPHONEOS_DEPLOYMENT_TARGET = 9.1;
				MTL_ENABLE_DEBUG_INFO = NO;
				SDKROOT = iphoneos;
				VALIDATE_PRODUCT = YES;
			};
			name = Release;
		};
		82F698B51C1796F000A97238 /* Debug */ = {
			isa = XCBuildConfiguration;
			buildSettings = {
				ASSETCATALOG_COMPILER_APPICON_NAME = AppIcon;
				CODE_SIGN_IDENTITY = "iPhone Developer";
				"CODE_SIGN_IDENTITY[sdk=iphoneos*]" = "iPhone Developer";
				FRAMEWORK_SEARCH_PATHS = (
					"$(inherited)",
					"$(PROJECT_DIR)",
				);
				INFOPLIST_FILE = French_Bridge/Info.plist;
				IPHONEOS_DEPLOYMENT_TARGET = 9.2;
				LD_RUNPATH_SEARCH_PATHS = "$(inherited) @executable_path/Frameworks";
				PRODUCT_BUNDLE_IDENTIFIER = "Baca-Family.French-Bridge";
				PRODUCT_NAME = "$(TARGET_NAME)";
				PROVISIONING_PROFILE = "";
			};
			name = Debug;
		};
		82F698B61C1796F000A97238 /* Release */ = {
			isa = XCBuildConfiguration;
			buildSettings = {
				ASSETCATALOG_COMPILER_APPICON_NAME = AppIcon;
				CODE_SIGN_IDENTITY = "iPhone Developer";
				"CODE_SIGN_IDENTITY[sdk=iphoneos*]" = "iPhone Developer";
				FRAMEWORK_SEARCH_PATHS = (
					"$(inherited)",
					"$(PROJECT_DIR)",
				);
				INFOPLIST_FILE = French_Bridge/Info.plist;
				IPHONEOS_DEPLOYMENT_TARGET = 9.2;
				LD_RUNPATH_SEARCH_PATHS = "$(inherited) @executable_path/Frameworks";
				PRODUCT_BUNDLE_IDENTIFIER = "Baca-Family.French-Bridge";
				PRODUCT_NAME = "$(TARGET_NAME)";
				PROVISIONING_PROFILE = "";
			};
			name = Release;
		};
		82F698B81C1796F000A97238 /* Debug */ = {
			isa = XCBuildConfiguration;
			buildSettings = {
				BUNDLE_LOADER = "$(TEST_HOST)";
				INFOPLIST_FILE = French_BridgeTests/Info.plist;
				LD_RUNPATH_SEARCH_PATHS = "$(inherited) @executable_path/Frameworks @loader_path/Frameworks";
				PRODUCT_BUNDLE_IDENTIFIER = "Baca-Family.French-BridgeTests";
				PRODUCT_NAME = "$(TARGET_NAME)";
				TEST_HOST = "$(BUILT_PRODUCTS_DIR)/French_Bridge.app/French_Bridge";
			};
			name = Debug;
		};
		82F698B91C1796F000A97238 /* Release */ = {
			isa = XCBuildConfiguration;
			buildSettings = {
				BUNDLE_LOADER = "$(TEST_HOST)";
				INFOPLIST_FILE = French_BridgeTests/Info.plist;
				LD_RUNPATH_SEARCH_PATHS = "$(inherited) @executable_path/Frameworks @loader_path/Frameworks";
				PRODUCT_BUNDLE_IDENTIFIER = "Baca-Family.French-BridgeTests";
				PRODUCT_NAME = "$(TARGET_NAME)";
				TEST_HOST = "$(BUILT_PRODUCTS_DIR)/French_Bridge.app/French_Bridge";
			};
			name = Release;
		};
		82F698BB1C1796F000A97238 /* Debug */ = {
			isa = XCBuildConfiguration;
			buildSettings = {
				INFOPLIST_FILE = French_BridgeUITests/Info.plist;
				LD_RUNPATH_SEARCH_PATHS = "$(inherited) @executable_path/Frameworks @loader_path/Frameworks";
				PRODUCT_BUNDLE_IDENTIFIER = "Baca-Family.French-BridgeUITests";
				PRODUCT_NAME = "$(TARGET_NAME)";
				TEST_TARGET_NAME = French_Bridge;
				USES_XCTRUNNER = YES;
			};
			name = Debug;
		};
		82F698BC1C1796F000A97238 /* Release */ = {
			isa = XCBuildConfiguration;
			buildSettings = {
				INFOPLIST_FILE = French_BridgeUITests/Info.plist;
				LD_RUNPATH_SEARCH_PATHS = "$(inherited) @executable_path/Frameworks @loader_path/Frameworks";
				PRODUCT_BUNDLE_IDENTIFIER = "Baca-Family.French-BridgeUITests";
				PRODUCT_NAME = "$(TARGET_NAME)";
				TEST_TARGET_NAME = French_Bridge;
				USES_XCTRUNNER = YES;
			};
			name = Release;
		};
/* End XCBuildConfiguration section */

/* Begin XCConfigurationList section */
		82F698871C1796F000A97238 /* Build configuration list for PBXProject "French_Bridge" */ = {
			isa = XCConfigurationList;
			buildConfigurations = (
				82F698B21C1796F000A97238 /* Debug */,
				82F698B31C1796F000A97238 /* Release */,
			);
			defaultConfigurationIsVisible = 0;
			defaultConfigurationName = Release;
		};
		82F698B41C1796F000A97238 /* Build configuration list for PBXNativeTarget "French_Bridge" */ = {
			isa = XCConfigurationList;
			buildConfigurations = (
				82F698B51C1796F000A97238 /* Debug */,
				82F698B61C1796F000A97238 /* Release */,
			);
			defaultConfigurationIsVisible = 0;
			defaultConfigurationName = Release;
		};
		82F698B71C1796F000A97238 /* Build configuration list for PBXNativeTarget "French_BridgeTests" */ = {
			isa = XCConfigurationList;
			buildConfigurations = (
				82F698B81C1796F000A97238 /* Debug */,
				82F698B91C1796F000A97238 /* Release */,
			);
			defaultConfigurationIsVisible = 0;
			defaultConfigurationName = Release;
		};
		82F698BA1C1796F000A97238 /* Build configuration list for PBXNativeTarget "French_BridgeUITests" */ = {
			isa = XCConfigurationList;
			buildConfigurations = (
				82F698BB1C1796F000A97238 /* Debug */,
				82F698BC1C1796F000A97238 /* Release */,
			);
			defaultConfigurationIsVisible = 0;
			defaultConfigurationName = Release;
		};
/* End XCConfigurationList section */
	};
	rootObject = 82F698841C1796F000A97238 /* Project object */;
}
